Microsoft Visual Studio Solution File, Format Version 12.00
# Visual Studio Version 17
VisualStudioVersion = 17.5.2.0
MinimumVisualStudioVersion = 10.0.40219.1
Project("{FAE04EC0-301F-11D3-BF4B-00C04F79EFBC}") = "KiemTraMvc", "KiemTraMvc.csproj", "{547E93DC-4A5F-167D-29F3-F5298D603D18}"
EndProject
Global
	GlobalSection(SolutionConfigurationPlatforms) = preSolution
		Debug|Any CPU = Debug|Any CPU
		Release|Any CPU = Release|Any CPU
	EndGlobalSection
	GlobalSection(ProjectConfigurationPlatforms) = postSolution
		{547E93DC-4A5F-167D-29F3-F5298D603D18}.Debug|Any CPU.ActiveCfg = Debug|Any CPU
		{547E93DC-4A5F-167D-29F3-F5298D603D18}.Debug|Any CPU.Build.0 = Debug|Any CPU
		{547E93DC-4A5F-167D-29F3-F5298D603D18}.Release|Any CPU.ActiveCfg = Release|Any CPU
		{547E93DC-4A5F-167D-29F3-F5298D603D18}.Release|Any CPU.Build.0 = Release|Any CPU
	EndGlobalSection
	GlobalSection(SolutionProperties) = preSolution
		HideSolutionNode = FALSE
	EndGlobalSection
	GlobalSection(ExtensibilityGlobals) = postSolution
		SolutionGuid = {8D856A5A-F7BA-4143-90E0-38D5F03DD9C8}
	EndGlobalSection
EndGlobal
dotnet aspnet-codegenerator controller -name LopController -m Lop -dc KiemTraMvc.Data.ApplicationDbContext --relativeFolderPath Controllers --useDefaultLayout --referenceScriptLibraries --databaseProvider sqlite -f